
Microsoft Visual Studio Solution File, Format Version 12.00
# Visual Studio 15
VisualStudioVersion = 15.0.28010.2016
MinimumVisualStudioVersion = 10.0.40219.1
Project("{FAE04EC0-301F-11D3-BF4B-00C04F79EFBC}") = "UserDataT1708M1", "UserDataT1708M1\UserDataT1708M1.csproj", "{22BD7F05-A758-4B20-B6B4-2275574BF2CE}"
EndProject
Global
	GlobalSection(SolutionConfigurationPlatforms) = preSolution
		Debug|Any CPU = Debug|Any CPU
		Release|Any CPU = Release|Any CPU
	EndGlobalSection
	GlobalSection(ProjectConfigurationPlatforms) = postSolution
		{22BD7F05-A758-4B20-B6B4-2275574BF2CE}.Debug|Any CPU.ActiveCfg = Debug|Any CPU
		{22BD7F05-A758-4B20-B6B4-2275574BF2CE}.Debug|Any CPU.Build.0 = Debug|Any CPU
		{22BD7F05-A758-4B20-B6B4-2275574BF2CE}.Release|Any CPU.ActiveCfg = Release|Any CPU
		{22BD7F05-A758-4B20-B6B4-2275574BF2CE}.Release|Any CPU.Build.0 = Release|Any CPU
	EndGlobalSection
	GlobalSection(SolutionProperties) = preSolution
		HideSolutionNode = FALSE
	EndGlobalSection
	GlobalSection(ExtensibilityGlobals) = postSolution
		SolutionGuid = {7555F211-93AC-4FF8-B64F-5E6F40B314D7}
	EndGlobalSection
EndGlobal
